
Microsoft Visual Studio Solution File, Format Version 12.00
# Visual Studio Version 17
VisualStudioVersion = 17.13.35605.110 d17.13
MinimumVisualStudioVersion = 10.0.40219.1
Project("{FAE04EC0-301F-11D3-BF4B-00C04F79EFBC}") = "Patikaögrenci2", "Patikaögrenci2\Patikaögrenci2.csproj", "{BDE8F61B-9D8E-4648-BD40-C92E042E6510}"
EndProject
Global
	GlobalSection(SolutionConfigurationPlatforms) = preSolution
		Debug|Any CPU = Debug|Any CPU
		Release|Any CPU = Release|Any CPU
	EndGlobalSection
	GlobalSection(ProjectConfigurationPlatforms) = postSolution
		{BDE8F61B-9D8E-4648-BD40-C92E042E6510}.Debug|Any CPU.ActiveCfg = Debug|Any CPU
		{BDE8F61B-9D8E-4648-BD40-C92E042E6510}.Debug|Any CPU.Build.0 = Debug|Any CPU
		{BDE8F61B-9D8E-4648-BD40-C92E042E6510}.Release|Any CPU.ActiveCfg = Release|Any CPU
		{BDE8F61B-9D8E-4648-BD40-C92E042E6510}.Release|Any CPU.Build.0 = Release|Any CPU
	EndGlobalSection
	GlobalSection(SolutionProperties) = preSolution
		HideSolutionNode = FALSE
	EndGlobalSection
	GlobalSection(ExtensibilityGlobals) = postSolution
		SolutionGuid = {6DD4C6D9-61F1-402B-81DB-5A1C4BD4A50A}
	EndGlobalSection
EndGlobal
